// !$*UTF8*$!
{
	archiveVersion = 1;
	classes = {
	};
	objectVersion = 56;
	objects = {

/* Begin PBXBuildFile section */
		954F26CC2A39DBE6009FAD10 /* FontSizeEnum.swift in Sources */ = {isa = PBXBuildFile; fileRef = 954F26CB2A39DBE6009FAD10 /* FontSizeEnum.swift */; };
		954F26CE2A39E0E0009FAD10 /* ClassesView.swift in Sources */ = {isa = PBXBuildFile; fileRef = 954F26CD2A39E0E0009FAD10 /* ClassesView.swift */; };
		954F26D62A39F2C3009FAD10 /* FormClass.swift in Sources */ = {isa = PBXBuildFile; fileRef = 954F26D52A39F2C3009FAD10 /* FormClass.swift */; };
		35ED6C2F2A38B385005E5BDE /* RaidUppTvOSApp.swift in Sources */ = {isa = PBXBuildFile; fileRef = 35ED6C2E2A38B385005E5BDE /* RaidUppTvOSApp.swift */; };
		35ED6C312A38B385005E5BDE /* ContentView.swift in Sources */ = {isa = PBXBuildFile; fileRef = 35ED6C302A38B385005E5BDE /* ContentView.swift */; };
		35ED6C332A38B386005E5BDE /* Assets.xcassets in Resources */ = {isa = PBXBuildFile; fileRef = 35ED6C322A38B386005E5BDE /* Assets.xcassets */; };
		35ED6C362A38B386005E5BDE /* Preview Assets.xcassets in Resources */ = {isa = PBXBuildFile; fileRef = 35ED6C352A38B386005E5BDE /* Preview Assets.xcassets */; };
		D623889D2A2F5C7600A20667 /* RaidUppApp.swift in Sources */ = {isa = PBXBuildFile; fileRef = D623889C2A2F5C7600A20667 /* RaidUppApp.swift */; };
		D623889F2A2F5C7600A20667 /* ContentView.swift in Sources */ = {isa = PBXBuildFile; fileRef = D623889E2A2F5C7600A20667 /* ContentView.swift */; };
		D62388A12A2F5C7700A20667 /* Assets.xcassets in Resources */ = {isa = PBXBuildFile; fileRef = D62388A02A2F5C7700A20667 /* Assets.xcassets */; };
		D62388A42A2F5C7700A20667 /* Preview Assets.xcassets in Resources */ = {isa = PBXBuildFile; fileRef = D62388A32A2F5C7700A20667 /* Preview Assets.xcassets */; };
		D62388A62A2F5C7700A20667 /* Persistence.swift in Sources */ = {isa = PBXBuildFile; fileRef = D62388A52A2F5C7700A20667 /* Persistence.swift */; };
		D62388A92A2F5C7700A20667 /* RaidUpp.xcdatamodeld in Sources */ = {isa = PBXBuildFile; fileRef = D62388A72A2F5C7700A20667 /* RaidUpp.xcdatamodeld */; };
		D62388B42A2F5C7700A20667 /* RaidUppTests.swift in Sources */ = {isa = PBXBuildFile; fileRef = D62388B32A2F5C7700A20667 /* RaidUppTests.swift */; };
		D62388BE2A2F5C7700A20667 /* RaidUppUITests.swift in Sources */ = {isa = PBXBuildFile; fileRef = D62388BD2A2F5C7700A20667 /* RaidUppUITests.swift */; };
		D62388C02A2F5C7700A20667 /* RaidUppUITestsLaunchTests.swift in Sources */ = {isa = PBXBuildFile; fileRef = D62388BF2A2F5C7700A20667 /* RaidUppUITestsLaunchTests.swift */; };
		D62388CF2A2F5DBD00A20667 /* .gitignore in Resources */ = {isa = PBXBuildFile; fileRef = D62388CE2A2F5DBD00A20667 /* .gitignore */; };
		D62388D12A2F5DCA00A20667 /* readme.md in Resources */ = {isa = PBXBuildFile; fileRef = D62388D02A2F5DCA00A20667 /* readme.md */; };
		D6924B0E2A39EABA007CB0B0 /* Student+CoreDataClass.swift in Sources */ = {isa = PBXBuildFile; fileRef = D6924B042A39EABA007CB0B0 /* Student+CoreDataClass.swift */; };
		D6924B0F2A39EABA007CB0B0 /* Student+CoreDataProperties.swift in Sources */ = {isa = PBXBuildFile; fileRef = D6924B052A39EABA007CB0B0 /* Student+CoreDataProperties.swift */; };
		D6924B102A39EABA007CB0B0 /* Academy+CoreDataClass.swift in Sources */ = {isa = PBXBuildFile; fileRef = D6924B062A39EABA007CB0B0 /* Academy+CoreDataClass.swift */; };
		D6924B112A39EABA007CB0B0 /* Academy+CoreDataProperties.swift in Sources */ = {isa = PBXBuildFile; fileRef = D6924B072A39EABA007CB0B0 /* Academy+CoreDataProperties.swift */; };
		D6924B122A39EABA007CB0B0 /* Guild+CoreDataClass.swift in Sources */ = {isa = PBXBuildFile; fileRef = D6924B082A39EABA007CB0B0 /* Guild+CoreDataClass.swift */; };
		D6924B132A39EABA007CB0B0 /* Guild+CoreDataProperties.swift in Sources */ = {isa = PBXBuildFile; fileRef = D6924B092A39EABA007CB0B0 /* Guild+CoreDataProperties.swift */; };
		D6924B142A39EABA007CB0B0 /* Badge+CoreDataClass.swift in Sources */ = {isa = PBXBuildFile; fileRef = D6924B0A2A39EABA007CB0B0 /* Badge+CoreDataClass.swift */; };
		D6924B152A39EABA007CB0B0 /* Badge+CoreDataProperties.swift in Sources */ = {isa = PBXBuildFile; fileRef = D6924B0B2A39EABA007CB0B0 /* Badge+CoreDataProperties.swift */; };
		D6924B162A39EABA007CB0B0 /* Mission+CoreDataClass.swift in Sources */ = {isa = PBXBuildFile; fileRef = D6924B0C2A39EABA007CB0B0 /* Mission+CoreDataClass.swift */; };
		D6924B172A39EABA007CB0B0 /* Mission+CoreDataProperties.swift in Sources */ = {isa = PBXBuildFile; fileRef = D6924B0D2A39EABA007CB0B0 /* Mission+CoreDataProperties.swift */; };
		D6B47AC92A37927400F80F95 /* DatabaseInteractor.swift in Sources */ = {isa = PBXBuildFile; fileRef = D6B47AC82A37927400F80F95 /* DatabaseInteractor.swift */; };
/* End PBXBuildFile section */

/* Begin PBXContainerItemProxy section */
		D62388B02A2F5C7700A20667 /* PBXContainerItemProxy */ = {
			isa = PBXContainerItemProxy;
			containerPortal = D62388912A2F5C7600A20667 /* Project object */;
			proxyType = 1;
			remoteGlobalIDString = D62388982A2F5C7600A20667;
			remoteInfo = RaidUpp;
		};
		D62388BA2A2F5C7700A20667 /* PBXContainerItemProxy */ = {
			isa = PBXContainerItemProxy;
			containerPortal = D62388912A2F5C7600A20667 /* Project object */;
			proxyType = 1;
			remoteGlobalIDString = D62388982A2F5C7600A20667;
			remoteInfo = RaidUpp;
		};
/* End PBXContainerItemProxy section */

/* Begin PBXFileReference section */
		954F26CB2A39DBE6009FAD10 /* FontSizeEnum.swift */ = {isa = PBXFileReference; lastKnownFileType = sourcecode.swift; path = FontSizeEnum.swift; sourceTree = "<group>"; };
		954F26CD2A39E0E0009FAD10 /* ClassesView.swift */ = {isa = PBXFileReference; lastKnownFileType = sourcecode.swift; path = ClassesView.swift; sourceTree = "<group>"; };
		954F26D52A39F2C3009FAD10 /* FormClass.swift */ = {isa = PBXFileReference; lastKnownFileType = sourcecode.swift; path = FormClass.swift; sourceTree = "<group>"; };
		35ED6C192A38A77B005E5BDE /* MissionDetailsView.swift */ = {isa = PBXFileReference; lastKnownFileType = sourcecode.swift; path = MissionDetailsView.swift; sourceTree = "<group>"; };
		35ED6C1B2A38A792005E5BDE /* MissionsBoardView.swift */ = {isa = PBXFileReference; lastKnownFileType = sourcecode.swift; path = MissionsBoardView.swift; sourceTree = "<group>"; };
		35ED6C1D2A38A7D7005E5BDE /* ClassMenuView.swift */ = {isa = PBXFileReference; lastKnownFileType = sourcecode.swift; path = ClassMenuView.swift; sourceTree = "<group>"; };
		35ED6C202A38A7FF005E5BDE /* GuildMenuView.swift */ = {isa = PBXFileReference; lastKnownFileType = sourcecode.swift; path = GuildMenuView.swift; sourceTree = "<group>"; };
		35ED6C222A38AAEE005E5BDE /* Mission.swift */ = {isa = PBXFileReference; lastKnownFileType = sourcecode.swift; path = Mission.swift; sourceTree = "<group>"; };
		35ED6C262A38B197005E5BDE /* MissionButton.swift */ = {isa = PBXFileReference; lastKnownFileType = sourcecode.swift; path = MissionButton.swift; sourceTree = "<group>"; };
		35ED6C2C2A38B385005E5BDE /* RaidUppTvOS.app */ = {isa = PBXFileReference; explicitFileType = wrapper.application; includeInIndex = 0; path = RaidUppTvOS.app; sourceTree = BUILT_PRODUCTS_DIR; };
		35ED6C2E2A38B385005E5BDE /* RaidUppTvOSApp.swift */ = {isa = PBXFileReference; lastKnownFileType = sourcecode.swift; path = RaidUppTvOSApp.swift; sourceTree = "<group>"; };
		35ED6C302A38B385005E5BDE /* ContentView.swift */ = {isa = PBXFileReference; lastKnownFileType = sourcecode.swift; path = ContentView.swift; sourceTree = "<group>"; };
		35ED6C322A38B386005E5BDE /* Assets.xcassets */ = {isa = PBXFileReference; lastKnownFileType = folder.assetcatalog; path = Assets.xcassets; sourceTree = "<group>"; };
		35ED6C352A38B386005E5BDE /* Preview Assets.xcassets */ = {isa = PBXFileReference; lastKnownFileType = folder.assetcatalog; path = "Preview Assets.xcassets"; sourceTree = "<group>"; };
		D62388992A2F5C7600A20667 /* RaidUpp.app */ = {isa = PBXFileReference; explicitFileType = wrapper.application; includeInIndex = 0; path = RaidUpp.app; sourceTree = BUILT_PRODUCTS_DIR; };
		D623889C2A2F5C7600A20667 /* RaidUppApp.swift */ = {isa = PBXFileReference; lastKnownFileType = sourcecode.swift; path = RaidUppApp.swift; sourceTree = "<group>"; };
		D623889E2A2F5C7600A20667 /* ContentView.swift */ = {isa = PBXFileReference; lastKnownFileType = sourcecode.swift; path = ContentView.swift; sourceTree = "<group>"; };
		D62388A02A2F5C7700A20667 /* Assets.xcassets */ = {isa = PBXFileReference; lastKnownFileType = folder.assetcatalog; path = Assets.xcassets; sourceTree = "<group>"; };
		D62388A32A2F5C7700A20667 /* Preview Assets.xcassets */ = {isa = PBXFileReference; lastKnownFileType = folder.assetcatalog; path = "Preview Assets.xcassets"; sourceTree = "<group>"; };
		D62388A52A2F5C7700A20667 /* Persistence.swift */ = {isa = PBXFileReference; lastKnownFileType = sourcecode.swift; path = Persistence.swift; sourceTree = "<group>"; };
		D62388A82A2F5C7700A20667 /* RaidUpp.xcdatamodel */ = {isa = PBXFileReference; lastKnownFileType = wrapper.xcdatamodel; path = RaidUpp.xcdatamodel; sourceTree = "<group>"; };
		D62388AA2A2F5C7700A20667 /* Info.plist */ = {isa = PBXFileReference; lastKnownFileType = text.plist.xml; path = Info.plist; sourceTree = "<group>"; };
		D62388AF2A2F5C7700A20667 /* RaidUppTests.xctest */ = {isa = PBXFileReference; explicitFileType = wrapper.cfbundle; includeInIndex = 0; path = RaidUppTests.xctest; sourceTree = BUILT_PRODUCTS_DIR; };
		D62388B32A2F5C7700A20667 /* RaidUppTests.swift */ = {isa = PBXFileReference; lastKnownFileType = sourcecode.swift; path = RaidUppTests.swift; sourceTree = "<group>"; };
		D62388B92A2F5C7700A20667 /* RaidUppUITests.xctest */ = {isa = PBXFileReference; explicitFileType = wrapper.cfbundle; includeInIndex = 0; path = RaidUppUITests.xctest; sourceTree = BUILT_PRODUCTS_DIR; };
		D62388BD2A2F5C7700A20667 /* RaidUppUITests.swift */ = {isa = PBXFileReference; lastKnownFileType = sourcecode.swift; path = RaidUppUITests.swift; sourceTree = "<group>"; };
		D62388BF2A2F5C7700A20667 /* RaidUppUITestsLaunchTests.swift */ = {isa = PBXFileReference; lastKnownFileType = sourcecode.swift; path = RaidUppUITestsLaunchTests.swift; sourceTree = "<group>"; };
		D62388CE2A2F5DBD00A20667 /* .gitignore */ = {isa = PBXFileReference; lastKnownFileType = text; path = .gitignore; sourceTree = "<group>"; };
		D62388D02A2F5DCA00A20667 /* readme.md */ = {isa = PBXFileReference; lastKnownFileType = net.daringfireball.markdown; path = readme.md; sourceTree = "<group>"; };
		D6924B042A39EABA007CB0B0 /* Student+CoreDataClass.swift */ = {isa = PBXFileReference; lastKnownFileType = sourcecode.swift; path = "Student+CoreDataClass.swift"; sourceTree = "<group>"; };
		D6924B052A39EABA007CB0B0 /* Student+CoreDataProperties.swift */ = {isa = PBXFileReference; lastKnownFileType = sourcecode.swift; path = "Student+CoreDataProperties.swift"; sourceTree = "<group>"; };
		D6924B062A39EABA007CB0B0 /* Academy+CoreDataClass.swift */ = {isa = PBXFileReference; lastKnownFileType = sourcecode.swift; path = "Academy+CoreDataClass.swift"; sourceTree = "<group>"; };
		D6924B072A39EABA007CB0B0 /* Academy+CoreDataProperties.swift */ = {isa = PBXFileReference; lastKnownFileType = sourcecode.swift; path = "Academy+CoreDataProperties.swift"; sourceTree = "<group>"; };
		D6924B082A39EABA007CB0B0 /* Guild+CoreDataClass.swift */ = {isa = PBXFileReference; lastKnownFileType = sourcecode.swift; path = "Guild+CoreDataClass.swift"; sourceTree = "<group>"; };
		D6924B092A39EABA007CB0B0 /* Guild+CoreDataProperties.swift */ = {isa = PBXFileReference; lastKnownFileType = sourcecode.swift; path = "Guild+CoreDataProperties.swift"; sourceTree = "<group>"; };
		D6924B0A2A39EABA007CB0B0 /* Badge+CoreDataClass.swift */ = {isa = PBXFileReference; lastKnownFileType = sourcecode.swift; path = "Badge+CoreDataClass.swift"; sourceTree = "<group>"; };
		D6924B0B2A39EABA007CB0B0 /* Badge+CoreDataProperties.swift */ = {isa = PBXFileReference; lastKnownFileType = sourcecode.swift; path = "Badge+CoreDataProperties.swift"; sourceTree = "<group>"; };
		D6924B0C2A39EABA007CB0B0 /* Mission+CoreDataClass.swift */ = {isa = PBXFileReference; lastKnownFileType = sourcecode.swift; path = "Mission+CoreDataClass.swift"; sourceTree = "<group>"; };
		D6924B0D2A39EABA007CB0B0 /* Mission+CoreDataProperties.swift */ = {isa = PBXFileReference; lastKnownFileType = sourcecode.swift; path = "Mission+CoreDataProperties.swift"; sourceTree = "<group>"; };
		D6B47AC82A37927400F80F95 /* DatabaseInteractor.swift */ = {isa = PBXFileReference; lastKnownFileType = sourcecode.swift; path = DatabaseInteractor.swift; sourceTree = "<group>"; };
/* End PBXFileReference section */

/* Begin PBXFrameworksBuildPhase section */
		35ED6C292A38B385005E5BDE /* Frameworks */ = {
			isa = PBXFrameworksBuildPhase;
			buildActionMask = 2147483647;
			files = (
			);
			runOnlyForDeploymentPostprocessing = 0;
		};
		D62388962A2F5C7600A20667 /* Frameworks */ = {
			isa = PBXFrameworksBuildPhase;
			buildActionMask = 2147483647;
			files = (
			);
			runOnlyForDeploymentPostprocessing = 0;
		};
		D62388AC2A2F5C7700A20667 /* Frameworks */ = {
			isa = PBXFrameworksBuildPhase;
			buildActionMask = 2147483647;
			files = (
			);
			runOnlyForDeploymentPostprocessing = 0;
		};
		D62388B62A2F5C7700A20667 /* Frameworks */ = {
			isa = PBXFrameworksBuildPhase;
			buildActionMask = 2147483647;
			files = (
			);
			runOnlyForDeploymentPostprocessing = 0;
		};
/* End PBXFrameworksBuildPhase section */

/* Begin PBXGroup section */
		954F26C42A39DA53009FAD10 /* Presenter */ = {
			isa = PBXGroup;
			children = (
				954F26CA2A39DBBB009FAD10 /* Enums */,
				954F26C92A39DBAF009FAD10 /* Components */,
				954F26C82A39DB25009FAD10 /* Guilds */,
				954F26C72A39DB0F009FAD10 /* Students */,
				954F26C62A39DA70009FAD10 /* Class */,
				954F26C52A39DA6A009FAD10 /* Classes */,
			);
			path = Presenter;
			sourceTree = "<group>";
		};
		954F26C52A39DA6A009FAD10 /* Classes */ = {
			isa = PBXGroup;
			children = (
				954F26CD2A39E0E0009FAD10 /* ClassesView.swift */,
			);
			path = Classes;
			sourceTree = "<group>";
		};
		954F26C62A39DA70009FAD10 /* Class */ = {
			isa = PBXGroup;
			children = (
			);
			path = Class;
			sourceTree = "<group>";
		};
		954F26C72A39DB0F009FAD10 /* Students */ = {
			isa = PBXGroup;
			children = (
			);
			path = Students;
			sourceTree = "<group>";
		};
		954F26C82A39DB25009FAD10 /* Guilds */ = {
			isa = PBXGroup;
			children = (
			);
			path = Guilds;
			sourceTree = "<group>";
		};
		954F26C92A39DBAF009FAD10 /* Components */ = {
			isa = PBXGroup;
			children = (
				954F26D52A39F2C3009FAD10 /* FormClass.swift */,
			);
			path = Components;
			sourceTree = "<group>";
		};
		954F26CA2A39DBBB009FAD10 /* Enums */ = {
			isa = PBXGroup;
			children = (
				954F26CB2A39DBE6009FAD10 /* FontSizeEnum.swift */,
			);
			path = Enums;
			sourceTree = "<group>";
		};
		35ED6C142A38A6F3005E5BDE /* tvOS */ = {
			isa = PBXGroup;
			children = (
				35ED6C182A38A736005E5BDE /* Views */,
				35ED6C162A38A711005E5BDE /* Models */,
				35ED6C172A38A723005E5BDE /* Resources */,
			);
			path = tvOS;
			sourceTree = "<group>";
		};
		35ED6C152A38A705005E5BDE /* Components */ = {
			isa = PBXGroup;
			children = (
				35ED6C262A38B197005E5BDE /* MissionButton.swift */,
			);
			path = Components;
			sourceTree = "<group>";
		};
		35ED6C162A38A711005E5BDE /* Models */ = {
			isa = PBXGroup;
			children = (
				35ED6C222A38AAEE005E5BDE /* Mission.swift */,
			);
			path = Models;
			sourceTree = "<group>";
		};
		35ED6C172A38A723005E5BDE /* Resources */ = {
			isa = PBXGroup;
			children = (
			);
			path = Resources;
			sourceTree = "<group>";
		};
		35ED6C182A38A736005E5BDE /* Views */ = {
			isa = PBXGroup;
			children = (
				35ED6C152A38A705005E5BDE /* Components */,
				35ED6C3A2A39C822005E5BDE /* Mission */,
				35ED6C1F2A38A7E9005E5BDE /* Menu */,
			);
			path = Views;
			sourceTree = "<group>";
		};
		35ED6C1F2A38A7E9005E5BDE /* Menu */ = {
			isa = PBXGroup;
			children = (
				35ED6C1D2A38A7D7005E5BDE /* ClassMenuView.swift */,
				35ED6C202A38A7FF005E5BDE /* GuildMenuView.swift */,
			);
			path = Menu;
			sourceTree = "<group>";
		};
		35ED6C2D2A38B385005E5BDE /* RaidUppTvOS */ = {
			isa = PBXGroup;
			children = (
				FE8A92342A39E38B00EB8A6C /* Application */,
				FE8A92352A39E3B200EB8A6C /* Resources */,
				FE8A92362A39E3C400EB8A6C /* Presentation */,
				FE8A92372A39E3DF00EB8A6C /* Utils */,
				35ED6C342A38B386005E5BDE /* Preview Content */,
			);
			path = RaidUppTvOS;
			sourceTree = "<group>";
		};
		35ED6C342A38B386005E5BDE /* Preview Content */ = {
			isa = PBXGroup;
			children = (
				35ED6C352A38B386005E5BDE /* Preview Assets.xcassets */,
			);
			path = "Preview Content";
			sourceTree = "<group>";
		};
		D62388902A2F5C7600A20667 = {
			isa = PBXGroup;
			children = (
				D62388D02A2F5DCA00A20667 /* readme.md */,
				D62388CE2A2F5DBD00A20667 /* .gitignore */,
				D6924B182A39EAE5007CB0B0 /* Persistance */,
				D623889B2A2F5C7600A20667 /* RaidUpp */,
				D62388B22A2F5C7700A20667 /* RaidUppTests */,
				D62388BC2A2F5C7700A20667 /* RaidUppUITests */,
				35ED6C2D2A38B385005E5BDE /* RaidUppTvOS */,
				D623889A2A2F5C7600A20667 /* Products */,
			);
			sourceTree = "<group>";
		};
		D623889A2A2F5C7600A20667 /* Products */ = {
			isa = PBXGroup;
			children = (
				D62388992A2F5C7600A20667 /* RaidUpp.app */,
				D62388AF2A2F5C7700A20667 /* RaidUppTests.xctest */,
				D62388B92A2F5C7700A20667 /* RaidUppUITests.xctest */,
				35ED6C2C2A38B385005E5BDE /* RaidUppTvOS.app */,
			);
			name = Products;
			sourceTree = "<group>";
		};
		D623889B2A2F5C7600A20667 /* RaidUpp */ = {
			isa = PBXGroup;
			children = (
				954F26C42A39DA53009FAD10 /* Presenter */,
				D6924B182A39EAE5007CB0B0 /* Persistance */,
				D62388AA2A2F5C7700A20667 /* Info.plist */,
				D62388A02A2F5C7700A20667 /* Assets.xcassets */,
				D623889C2A2F5C7600A20667 /* RaidUppApp.swift */,
				D623889E2A2F5C7600A20667 /* ContentView.swift */,
				D62388A22A2F5C7700A20667 /* Preview Content */,
			);
			path = RaidUpp;
			sourceTree = "<group>";
		};
		D62388A22A2F5C7700A20667 /* Preview Content */ = {
			isa = PBXGroup;
			children = (
				D62388A32A2F5C7700A20667 /* Preview Assets.xcassets */,
			);
			path = "Preview Content";
			sourceTree = "<group>";
		};
		D62388B22A2F5C7700A20667 /* RaidUppTests */ = {
			isa = PBXGroup;
			children = (
				D62388B32A2F5C7700A20667 /* RaidUppTests.swift */,
			);
			path = RaidUppTests;
			sourceTree = "<group>";
		};
		D62388BC2A2F5C7700A20667 /* RaidUppUITests */ = {
			isa = PBXGroup;
			children = (
				D62388BD2A2F5C7700A20667 /* RaidUppUITests.swift */,
				D62388BF2A2F5C7700A20667 /* RaidUppUITestsLaunchTests.swift */,
			);
			path = RaidUppUITests;
			sourceTree = "<group>";
		};
		D6924AEF2A39E705007CB0B0 /* Model */ = {
			isa = PBXGroup;
			children = (
				D6924B042A39EABA007CB0B0 /* Student+CoreDataClass.swift */,
				D6924B052A39EABA007CB0B0 /* Student+CoreDataProperties.swift */,
				D6924B062A39EABA007CB0B0 /* Academy+CoreDataClass.swift */,
				D6924B072A39EABA007CB0B0 /* Academy+CoreDataProperties.swift */,
				D6924B082A39EABA007CB0B0 /* Guild+CoreDataClass.swift */,
				D6924B092A39EABA007CB0B0 /* Guild+CoreDataProperties.swift */,
				D6924B0A2A39EABA007CB0B0 /* Badge+CoreDataClass.swift */,
				D6924B0B2A39EABA007CB0B0 /* Badge+CoreDataProperties.swift */,
				D6924B0C2A39EABA007CB0B0 /* Mission+CoreDataClass.swift */,
				D6924B0D2A39EABA007CB0B0 /* Mission+CoreDataProperties.swift */,
			);
			path = Model;
			sourceTree = "<group>";
		};
		D6924B182A39EAE5007CB0B0 /* Persistance */ = {
			isa = PBXGroup;
			children = (
				D6924AEF2A39E705007CB0B0 /* Model */,
				D62388A72A2F5C7700A20667 /* RaidUpp.xcdatamodeld */,
				D62388A52A2F5C7700A20667 /* Persistence.swift */,
				D6B47AC82A37927400F80F95 /* DatabaseInteractor.swift */,
			);
			path = Persistance;
			sourceTree = "<group>";
		};
		FE8A92342A39E38B00EB8A6C /* Application */ = {
			isa = PBXGroup;
			children = (
				35ED6C2E2A38B385005E5BDE /* RaidUppTvOSApp.swift */,
			);
			path = Application;
			sourceTree = "<group>";
		};
		FE8A92352A39E3B200EB8A6C /* Resources */ = {
			isa = PBXGroup;
			children = (
				35ED6C322A38B386005E5BDE /* Assets.xcassets */,
			);
			path = Resources;
			sourceTree = "<group>";
		};
		FE8A92362A39E3C400EB8A6C /* Presentation */ = {
			isa = PBXGroup;
			children = (
				35ED6C302A38B385005E5BDE /* ContentView.swift */,
			);
			path = Presentation;
			sourceTree = "<group>";
		};
		FE8A92372A39E3DF00EB8A6C /* Utils */ = {
			isa = PBXGroup;
			children = (
			);
			path = Utils;
			sourceTree = "<group>";
		};
/* End PBXGroup section */

/* Begin PBXNativeTarget section */
		35ED6C2B2A38B385005E5BDE /* RaidUppTvOS */ = {
			isa = PBXNativeTarget;
			buildConfigurationList = 35ED6C372A38B386005E5BDE /* Build configuration list for PBXNativeTarget "RaidUppTvOS" */;
			buildPhases = (
				35ED6C282A38B385005E5BDE /* Sources */,
				35ED6C292A38B385005E5BDE /* Frameworks */,
				35ED6C2A2A38B385005E5BDE /* Resources */,
			);
			buildRules = (
			);
			dependencies = (
			);
			name = RaidUppTvOS;
			productName = RaidUppTvOS;
			productReference = 35ED6C2C2A38B385005E5BDE /* RaidUppTvOS.app */;
			productType = "com.apple.product-type.application";
		};
		D62388982A2F5C7600A20667 /* RaidUpp */ = {
			isa = PBXNativeTarget;
			buildConfigurationList = D62388C32A2F5C7700A20667 /* Build configuration list for PBXNativeTarget "RaidUpp" */;
			buildPhases = (
				D62388952A2F5C7600A20667 /* Sources */,
				D62388962A2F5C7600A20667 /* Frameworks */,
				D62388972A2F5C7600A20667 /* Resources */,
				D62388CC2A2F5D3200A20667 /* ShellScript */,
			);
			buildRules = (
			);
			dependencies = (
			);
			name = RaidUpp;
			productName = RaidUpp;
			productReference = D62388992A2F5C7600A20667 /* RaidUpp.app */;
			productType = "com.apple.product-type.application";
		};
		D62388AE2A2F5C7700A20667 /* RaidUppTests */ = {
			isa = PBXNativeTarget;
			buildConfigurationList = D62388C62A2F5C7700A20667 /* Build configuration list for PBXNativeTarget "RaidUppTests" */;
			buildPhases = (
				D62388AB2A2F5C7700A20667 /* Sources */,
				D62388AC2A2F5C7700A20667 /* Frameworks */,
				D62388AD2A2F5C7700A20667 /* Resources */,
			);
			buildRules = (
			);
			dependencies = (
				D62388B12A2F5C7700A20667 /* PBXTargetDependency */,
			);
			name = RaidUppTests;
			productName = RaidUppTests;
			productReference = D62388AF2A2F5C7700A20667 /* RaidUppTests.xctest */;
			productType = "com.apple.product-type.bundle.unit-test";
		};
		D62388B82A2F5C7700A20667 /* RaidUppUITests */ = {
			isa = PBXNativeTarget;
			buildConfigurationList = D62388C92A2F5C7700A20667 /* Build configuration list for PBXNativeTarget "RaidUppUITests" */;
			buildPhases = (
				D62388B52A2F5C7700A20667 /* Sources */,
				D62388B62A2F5C7700A20667 /* Frameworks */,
				D62388B72A2F5C7700A20667 /* Resources */,
			);
			buildRules = (
			);
			dependencies = (
				D62388BB2A2F5C7700A20667 /* PBXTargetDependency */,
			);
			name = RaidUppUITests;
			productName = RaidUppUITests;
			productReference = D62388B92A2F5C7700A20667 /* RaidUppUITests.xctest */;
			productType = "com.apple.product-type.bundle.ui-testing";
		};
/* End PBXNativeTarget section */

/* Begin PBXProject section */
		D62388912A2F5C7600A20667 /* Project object */ = {
			isa = PBXProject;
			attributes = {
				BuildIndependentTargetsInParallel = 1;
				LastSwiftUpdateCheck = 1430;
				LastUpgradeCheck = 1430;
				TargetAttributes = {
					35ED6C2B2A38B385005E5BDE = {
						CreatedOnToolsVersion = 14.3.1;
					};
					D62388982A2F5C7600A20667 = {
						CreatedOnToolsVersion = 14.3;
					};
					D62388AE2A2F5C7700A20667 = {
						CreatedOnToolsVersion = 14.3;
						TestTargetID = D62388982A2F5C7600A20667;
					};
					D62388B82A2F5C7700A20667 = {
						CreatedOnToolsVersion = 14.3;
						TestTargetID = D62388982A2F5C7600A20667;
					};
				};
			};
			buildConfigurationList = D62388942A2F5C7600A20667 /* Build configuration list for PBXProject "RaidUpp" */;
			compatibilityVersion = "Xcode 14.0";
			developmentRegion = en;
			hasScannedForEncodings = 0;
			knownRegions = (
				en,
				Base,
			);
			mainGroup = D62388902A2F5C7600A20667;
			productRefGroup = D623889A2A2F5C7600A20667 /* Products */;
			projectDirPath = "";
			projectRoot = "";
			targets = (
				D62388982A2F5C7600A20667 /* RaidUpp */,
				35ED6C2B2A38B385005E5BDE /* RaidUppTvOS */,
				D62388AE2A2F5C7700A20667 /* RaidUppTests */,
				D62388B82A2F5C7700A20667 /* RaidUppUITests */,
			);
		};
/* End PBXProject section */

/* Begin PBXResourcesBuildPhase section */
		35ED6C2A2A38B385005E5BDE /* Resources */ = {
			isa = PBXResourcesBuildPhase;
			buildActionMask = 2147483647;
			files = (
				35ED6C362A38B386005E5BDE /* Preview Assets.xcassets in Resources */,
				35ED6C332A38B386005E5BDE /* Assets.xcassets in Resources */,
			);
			runOnlyForDeploymentPostprocessing = 0;
		};
		D62388972A2F5C7600A20667 /* Resources */ = {
			isa = PBXResourcesBuildPhase;
			buildActionMask = 2147483647;
			files = (
				D62388A42A2F5C7700A20667 /* Preview Assets.xcassets in Resources */,
				D62388CF2A2F5DBD00A20667 /* .gitignore in Resources */,
				D62388D12A2F5DCA00A20667 /* readme.md in Resources */,
				D62388A12A2F5C7700A20667 /* Assets.xcassets in Resources */,
			);
			runOnlyForDeploymentPostprocessing = 0;
		};
		D62388AD2A2F5C7700A20667 /* Resources */ = {
			isa = PBXResourcesBuildPhase;
			buildActionMask = 2147483647;
			files = (
			);
			runOnlyForDeploymentPostprocessing = 0;
		};
		D62388B72A2F5C7700A20667 /* Resources */ = {
			isa = PBXResourcesBuildPhase;
			buildActionMask = 2147483647;
			files = (
			);
			runOnlyForDeploymentPostprocessing = 0;
		};
/* End PBXResourcesBuildPhase section */

/* Begin PBXShellScriptBuildPhase section */
		D62388CC2A2F5D3200A20667 /* ShellScript */ = {
			isa = PBXShellScriptBuildPhase;
			buildActionMask = 2147483647;
			files = (
			);
			inputFileListPaths = (
			);
			inputPaths = (
			);
			outputFileListPaths = (
			);
			outputPaths = (
			);
			runOnlyForDeploymentPostprocessing = 0;
			shellPath = /bin/sh;
			shellScript = "if [[ \"$(uname -m)\" == arm64 ]]; then\n    export PATH=\"/opt/homebrew/bin:$PATH\"\nfi\n\nif which swiftlint > /dev/null; then\n  swiftlint\nelse\n  echo \"warning: SwiftLint not installed, download from https://github.com/realm/SwiftLint\"\nfi\n";
		};
/* End PBXShellScriptBuildPhase section */

/* Begin PBXSourcesBuildPhase section */
		35ED6C282A38B385005E5BDE /* Sources */ = {
			isa = PBXSourcesBuildPhase;
			buildActionMask = 2147483647;
			files = (
				35ED6C312A38B385005E5BDE /* ContentView.swift in Sources */,
				35ED6C2F2A38B385005E5BDE /* RaidUppTvOSApp.swift in Sources */,
			);
			runOnlyForDeploymentPostprocessing = 0;
		};
		D62388952A2F5C7600A20667 /* Sources */ = {
			isa = PBXSourcesBuildPhase;
			buildActionMask = 2147483647;
			files = (
				954F26CC2A39DBE6009FAD10 /* FontSizeEnum.swift in Sources */,
				D6924B132A39EABA007CB0B0 /* Guild+CoreDataProperties.swift in Sources */,
				D62388A62A2F5C7700A20667 /* Persistence.swift in Sources */,
				954F26D62A39F2C3009FAD10 /* FormClass.swift in Sources */,
				D6924B162A39EABA007CB0B0 /* Mission+CoreDataClass.swift in Sources */,
				D6924B0E2A39EABA007CB0B0 /* Student+CoreDataClass.swift in Sources */,
				D6924B142A39EABA007CB0B0 /* Badge+CoreDataClass.swift in Sources */,
				D6B47AC92A37927400F80F95 /* DatabaseInteractor.swift in Sources */,
				D62388A92A2F5C7700A20667 /* RaidUpp.xcdatamodeld in Sources */,
				954F26CE2A39E0E0009FAD10 /* ClassesView.swift in Sources */,
				D623889F2A2F5C7600A20667 /* ContentView.swift in Sources */,
				D623889D2A2F5C7600A20667 /* RaidUppApp.swift in Sources */,
				D6924B102A39EABA007CB0B0 /* Academy+CoreDataClass.swift in Sources */,
				D6924B0F2A39EABA007CB0B0 /* Student+CoreDataProperties.swift in Sources */,
				D6924B112A39EABA007CB0B0 /* Academy+CoreDataProperties.swift in Sources */,
				D6924B122A39EABA007CB0B0 /* Guild+CoreDataClass.swift in Sources */,
				D6924B152A39EABA007CB0B0 /* Badge+CoreDataProperties.swift in Sources */,
				D6924B172A39EABA007CB0B0 /* Mission+CoreDataProperties.swift in Sources */,
			);
			runOnlyForDeploymentPostprocessing = 0;
		};
		D62388AB2A2F5C7700A20667 /* Sources */ = {
			isa = PBXSourcesBuildPhase;
			buildActionMask = 2147483647;
			files = (
				D62388B42A2F5C7700A20667 /* RaidUppTests.swift in Sources */,
			);
			runOnlyForDeploymentPostprocessing = 0;
		};
		D62388B52A2F5C7700A20667 /* Sources */ = {
			isa = PBXSourcesBuildPhase;
			buildActionMask = 2147483647;
			files = (
				D62388C02A2F5C7700A20667 /* RaidUppUITestsLaunchTests.swift in Sources */,
				D62388BE2A2F5C7700A20667 /* RaidUppUITests.swift in Sources */,
			);
			runOnlyForDeploymentPostprocessing = 0;
		};
/* End PBXSourcesBuildPhase section */

/* Begin PBXTargetDependency section */
		D62388B12A2F5C7700A20667 /* PBXTargetDependency */ = {
			isa = PBXTargetDependency;
			target = D62388982A2F5C7600A20667 /* RaidUpp */;
			targetProxy = D62388B02A2F5C7700A20667 /* PBXContainerItemProxy */;
		};
		D62388BB2A2F5C7700A20667 /* PBXTargetDependency */ = {
			isa = PBXTargetDependency;
			target = D62388982A2F5C7600A20667 /* RaidUpp */;
			targetProxy = D62388BA2A2F5C7700A20667 /* PBXContainerItemProxy */;
		};
/* End PBXTargetDependency section */

/* Begin XCBuildConfiguration section */
		35ED6C382A38B386005E5BDE /* Debug */ = {
			isa = XCBuildConfiguration;
			buildSettings = {
				ASSETCATALOG_COMPILER_APPICON_NAME = "App Icon & Top Shelf Image";
				ASSETCATALOG_COMPILER_GLOBAL_ACCENT_COLOR_NAME = AccentColor;
				CODE_SIGN_STYLE = Automatic;
				CURRENT_PROJECT_VERSION = 1;
				DEVELOPMENT_ASSET_PATHS = "\"RaidUppTvOS/Preview Content\"";
				DEVELOPMENT_TEAM = D9VJ9R57LR;
				ENABLE_PREVIEWS = YES;
				GENERATE_INFOPLIST_FILE = YES;
				INFOPLIST_KEY_UILaunchScreen_Generation = YES;
				INFOPLIST_KEY_UIUserInterfaceStyle = Automatic;
				LD_RUNPATH_SEARCH_PATHS = (
					"$(inherited)",
					"@executable_path/Frameworks",
				);
				MARKETING_VERSION = 1.0;
				PRODUCT_BUNDLE_IDENTIFIER = dev.daniele.RaidUppTvOS;
				PRODUCT_NAME = "$(TARGET_NAME)";
				SDKROOT = appletvos;
				SWIFT_EMIT_LOC_STRINGS = YES;
				SWIFT_VERSION = 5.0;
				TARGETED_DEVICE_FAMILY = 3;
				TVOS_DEPLOYMENT_TARGET = 16.0;
			};
			name = Debug;
		};
		35ED6C392A38B386005E5BDE /* Release */ = {
			isa = XCBuildConfiguration;
			buildSettings = {
				ASSETCATALOG_COMPILER_APPICON_NAME = "App Icon & Top Shelf Image";
				ASSETCATALOG_COMPILER_GLOBAL_ACCENT_COLOR_NAME = AccentColor;
				CODE_SIGN_STYLE = Automatic;
				CURRENT_PROJECT_VERSION = 1;
				DEVELOPMENT_ASSET_PATHS = "\"RaidUppTvOS/Preview Content\"";
				DEVELOPMENT_TEAM = D9VJ9R57LR;
				ENABLE_PREVIEWS = YES;
				GENERATE_INFOPLIST_FILE = YES;
				INFOPLIST_KEY_UILaunchScreen_Generation = YES;
				INFOPLIST_KEY_UIUserInterfaceStyle = Automatic;
				LD_RUNPATH_SEARCH_PATHS = (
					"$(inherited)",
					"@executable_path/Frameworks",
				);
				MARKETING_VERSION = 1.0;
				PRODUCT_BUNDLE_IDENTIFIER = dev.daniele.RaidUppTvOS;
				PRODUCT_NAME = "$(TARGET_NAME)";
				SDKROOT = appletvos;
				SWIFT_EMIT_LOC_STRINGS = YES;
				SWIFT_VERSION = 5.0;
				TARGETED_DEVICE_FAMILY = 3;
				TVOS_DEPLOYMENT_TARGET = 16.0;
			};
			name = Release;
		};
		D62388C12A2F5C7700A20667 /* Debug */ = {
			isa = XCBuildConfiguration;
			buildSettings = {
				ALWAYS_SEARCH_USER_PATHS = NO;
				CLANG_ANALYZER_NONNULL = YES;
				CLANG_ANALYZER_NUMBER_OBJECT_CONVERSION = YES_AGGRESSIVE;
				CLANG_CXX_LANGUAGE_STANDARD = "gnu++20";
				CLANG_ENABLE_MODULES = YES;
				CLANG_ENABLE_OBJC_ARC = YES;
				CLANG_ENABLE_OBJC_WEAK = YES;
				CLANG_WARN_BLOCK_CAPTURE_AUTORELEASING = YES;
				CLANG_WARN_BOOL_CONVERSION = YES;
				CLANG_WARN_COMMA = YES;
				CLANG_WARN_CONSTANT_CONVERSION = YES;
				CLANG_WARN_DEPRECATED_OBJC_IMPLEMENTATIONS = YES;
				CLANG_WARN_DIRECT_OBJC_ISA_USAGE = YES_ERROR;
				CLANG_WARN_DOCUMENTATION_COMMENTS = YES;
				CLANG_WARN_EMPTY_BODY = YES;
				CLANG_WARN_ENUM_CONVERSION = YES;
				CLANG_WARN_INFINITE_RECURSION = YES;
				CLANG_WARN_INT_CONVERSION = YES;
				CLANG_WARN_NON_LITERAL_NULL_CONVERSION = YES;
				CLANG_WARN_OBJC_IMPLICIT_RETAIN_SELF = YES;
				CLANG_WARN_OBJC_LITERAL_CONVERSION = YES;
				CLANG_WARN_OBJC_ROOT_CLASS = YES_ERROR;
				CLANG_WARN_QUOTED_INCLUDE_IN_FRAMEWORK_HEADER = YES;
				CLANG_WARN_RANGE_LOOP_ANALYSIS = YES;
				CLANG_WARN_STRICT_PROTOTYPES = YES;
				CLANG_WARN_SUSPICIOUS_MOVE = YES;
				CLANG_WARN_UNGUARDED_AVAILABILITY = YES_AGGRESSIVE;
				CLANG_WARN_UNREACHABLE_CODE = YES;
				CLANG_WARN__DUPLICATE_METHOD_MATCH = YES;
				COPY_PHASE_STRIP = NO;
				DEBUG_INFORMATION_FORMAT = dwarf;
				ENABLE_STRICT_OBJC_MSGSEND = YES;
				ENABLE_TESTABILITY = YES;
				GCC_C_LANGUAGE_STANDARD = gnu11;
				GCC_DYNAMIC_NO_PIC = NO;
				GCC_NO_COMMON_BLOCKS = YES;
				GCC_OPTIMIZATION_LEVEL = 0;
				GCC_PREPROCESSOR_DEFINITIONS = (
					"DEBUG=1",
					"$(inherited)",
				);
				GCC_WARN_64_TO_32_BIT_CONVERSION = YES;
				GCC_WARN_ABOUT_RETURN_TYPE = YES_ERROR;
				GCC_WARN_UNDECLARED_SELECTOR = YES;
				GCC_WARN_UNINITIALIZED_AUTOS = YES_AGGRESSIVE;
				GCC_WARN_UNUSED_FUNCTION = YES;
				GCC_WARN_UNUSED_VARIABLE = YES;
				IPHONEOS_DEPLOYMENT_TARGET = 16.4;
				MTL_ENABLE_DEBUG_INFO = INCLUDE_SOURCE;
				MTL_FAST_MATH = YES;
				ONLY_ACTIVE_ARCH = YES;
				SDKROOT = iphoneos;
				SWIFT_ACTIVE_COMPILATION_CONDITIONS = DEBUG;
				SWIFT_OPTIMIZATION_LEVEL = "-Onone";
			};
			name = Debug;
		};
		D62388C22A2F5C7700A20667 /* Release */ = {
			isa = XCBuildConfiguration;
			buildSettings = {
				ALWAYS_SEARCH_USER_PATHS = NO;
				CLANG_ANALYZER_NONNULL = YES;
				CLANG_ANALYZER_NUMBER_OBJECT_CONVERSION = YES_AGGRESSIVE;
				CLANG_CXX_LANGUAGE_STANDARD = "gnu++20";
				CLANG_ENABLE_MODULES = YES;
				CLANG_ENABLE_OBJC_ARC = YES;
				CLANG_ENABLE_OBJC_WEAK = YES;
				CLANG_WARN_BLOCK_CAPTURE_AUTORELEASING = YES;
				CLANG_WARN_BOOL_CONVERSION = YES;
				CLANG_WARN_COMMA = YES;
				CLANG_WARN_CONSTANT_CONVERSION = YES;
				CLANG_WARN_DEPRECATED_OBJC_IMPLEMENTATIONS = YES;
				CLANG_WARN_DIRECT_OBJC_ISA_USAGE = YES_ERROR;
				CLANG_WARN_DOCUMENTATION_COMMENTS = YES;
				CLANG_WARN_EMPTY_BODY = YES;
				CLANG_WARN_ENUM_CONVERSION = YES;
				CLANG_WARN_INFINITE_RECURSION = YES;
				CLANG_WARN_INT_CONVERSION = YES;
				CLANG_WARN_NON_LITERAL_NULL_CONVERSION = YES;
				CLANG_WARN_OBJC_IMPLICIT_RETAIN_SELF = YES;
				CLANG_WARN_OBJC_LITERAL_CONVERSION = YES;
				CLANG_WARN_OBJC_ROOT_CLASS = YES_ERROR;
				CLANG_WARN_QUOTED_INCLUDE_IN_FRAMEWORK_HEADER = YES;
				CLANG_WARN_RANGE_LOOP_ANALYSIS = YES;
				CLANG_WARN_STRICT_PROTOTYPES = YES;
				CLANG_WARN_SUSPICIOUS_MOVE = YES;
				CLANG_WARN_UNGUARDED_AVAILABILITY = YES_AGGRESSIVE;
				CLANG_WARN_UNREACHABLE_CODE = YES;
				CLANG_WARN__DUPLICATE_METHOD_MATCH = YES;
				COPY_PHASE_STRIP = NO;
				DEBUG_INFORMATION_FORMAT = "dwarf-with-dsym";
				ENABLE_NS_ASSERTIONS = NO;
				ENABLE_STRICT_OBJC_MSGSEND = YES;
				GCC_C_LANGUAGE_STANDARD = gnu11;
				GCC_NO_COMMON_BLOCKS = YES;
				GCC_WARN_64_TO_32_BIT_CONVERSION = YES;
				GCC_WARN_ABOUT_RETURN_TYPE = YES_ERROR;
				GCC_WARN_UNDECLARED_SELECTOR = YES;
				GCC_WARN_UNINITIALIZED_AUTOS = YES_AGGRESSIVE;
				GCC_WARN_UNUSED_FUNCTION = YES;
				GCC_WARN_UNUSED_VARIABLE = YES;
				IPHONEOS_DEPLOYMENT_TARGET = 16.4;
				MTL_ENABLE_DEBUG_INFO = NO;
				MTL_FAST_MATH = YES;
				SDKROOT = iphoneos;
				SWIFT_COMPILATION_MODE = wholemodule;
				SWIFT_OPTIMIZATION_LEVEL = "-O";
				VALIDATE_PRODUCT = YES;
			};
			name = Release;
		};
		D62388C42A2F5C7700A20667 /* Debug */ = {
			isa = XCBuildConfiguration;
			buildSettings = {
				ASSETCATALOG_COMPILER_APPICON_NAME = AppIcon;
				ASSETCATALOG_COMPILER_GLOBAL_ACCENT_COLOR_NAME = AccentColor;
				CODE_SIGN_STYLE = Automatic;
				CURRENT_PROJECT_VERSION = 1;
				DEVELOPMENT_ASSET_PATHS = "\"RaidUpp/Preview Content\"";
				DEVELOPMENT_TEAM = MCC2B4P5MZ;
				ENABLE_PREVIEWS = YES;
				GENERATE_INFOPLIST_FILE = YES;
				INFOPLIST_KEY_UIApplicationSceneManifest_Generation = YES;
				INFOPLIST_KEY_UIApplicationSupportsIndirectInputEvents = YES;
				INFOPLIST_KEY_UILaunchScreen_Generation = YES;
				INFOPLIST_KEY_UISupportedInterfaceOrientations_iPad = "UIInterfaceOrientationPortrait UIInterfaceOrientationPortraitUpsideDown UIInterfaceOrientationLandscapeLeft UIInterfaceOrientationLandscapeRight";
				INFOPLIST_KEY_UISupportedInterfaceOrientations_iPhone = "UIInterfaceOrientationPortrait UIInterfaceOrientationLandscapeLeft UIInterfaceOrientationLandscapeRight";
				LD_RUNPATH_SEARCH_PATHS = (
					"$(inherited)",
					"@executable_path/Frameworks",
				);
				MARKETING_VERSION = 1.0;
				PRODUCT_BUNDLE_IDENTIFIER = Copland.RaidUpp;
				PRODUCT_NAME = "$(TARGET_NAME)";
				SUPPORTED_PLATFORMS = "appletvos appletvsimulator iphoneos iphonesimulator";
				SUPPORTS_MACCATALYST = NO;
				SUPPORTS_MAC_DESIGNED_FOR_IPHONE_IPAD = YES;
				SWIFT_EMIT_LOC_STRINGS = YES;
				SWIFT_VERSION = 5.0;
				TARGETED_DEVICE_FAMILY = "2,3";
			};
			name = Debug;
		};
		D62388C52A2F5C7700A20667 /* Release */ = {
			isa = XCBuildConfiguration;
			buildSettings = {
				ASSETCATALOG_COMPILER_APPICON_NAME = AppIcon;
				ASSETCATALOG_COMPILER_GLOBAL_ACCENT_COLOR_NAME = AccentColor;
				CODE_SIGN_STYLE = Automatic;
				CURRENT_PROJECT_VERSION = 1;
				DEVELOPMENT_ASSET_PATHS = "\"RaidUpp/Preview Content\"";
				DEVELOPMENT_TEAM = MCC2B4P5MZ;
				ENABLE_PREVIEWS = YES;
				GENERATE_INFOPLIST_FILE = YES;
				INFOPLIST_KEY_UIApplicationSceneManifest_Generation = YES;
				INFOPLIST_KEY_UIApplicationSupportsIndirectInputEvents = YES;
				INFOPLIST_KEY_UILaunchScreen_Generation = YES;
				INFOPLIST_KEY_UISupportedInterfaceOrientations_iPad = "UIInterfaceOrientationPortrait UIInterfaceOrientationPortraitUpsideDown UIInterfaceOrientationLandscapeLeft UIInterfaceOrientationLandscapeRight";
				INFOPLIST_KEY_UISupportedInterfaceOrientations_iPhone = "UIInterfaceOrientationPortrait UIInterfaceOrientationLandscapeLeft UIInterfaceOrientationLandscapeRight";
				LD_RUNPATH_SEARCH_PATHS = (
					"$(inherited)",
					"@executable_path/Frameworks",
				);
				MARKETING_VERSION = 1.0;
				PRODUCT_BUNDLE_IDENTIFIER = Copland.RaidUpp;
				PRODUCT_NAME = "$(TARGET_NAME)";
				SUPPORTED_PLATFORMS = "appletvos appletvsimulator iphoneos iphonesimulator";
				SUPPORTS_MACCATALYST = NO;
				SUPPORTS_MAC_DESIGNED_FOR_IPHONE_IPAD = YES;
				SWIFT_EMIT_LOC_STRINGS = YES;
				SWIFT_VERSION = 5.0;
				TARGETED_DEVICE_FAMILY = "2,3";
			};
			name = Release;
		};
		D62388C72A2F5C7700A20667 /* Debug */ = {
			isa = XCBuildConfiguration;
			buildSettings = {
				ALWAYS_EMBED_SWIFT_STANDARD_LIBRARIES = YES;
				BUNDLE_LOADER = "$(TEST_HOST)";
				CODE_SIGN_STYLE = Automatic;
				CURRENT_PROJECT_VERSION = 1;
				DEVELOPMENT_TEAM = MCC2B4P5MZ;
				GENERATE_INFOPLIST_FILE = YES;
				IPHONEOS_DEPLOYMENT_TARGET = 16.4;
				MARKETING_VERSION = 1.0;
				PRODUCT_BUNDLE_IDENTIFIER = Copland.RaidUppTests;
				PRODUCT_NAME = "$(TARGET_NAME)";
				SWIFT_EMIT_LOC_STRINGS = NO;
				SWIFT_VERSION = 5.0;
				TARGETED_DEVICE_FAMILY = "1,2";
				TEST_HOST = "$(BUILT_PRODUCTS_DIR)/RaidUpp.app/$(BUNDLE_EXECUTABLE_FOLDER_PATH)/RaidUpp";
			};
			name = Debug;
		};
		D62388C82A2F5C7700A20667 /* Release */ = {
			isa = XCBuildConfiguration;
			buildSettings = {
				ALWAYS_EMBED_SWIFT_STANDARD_LIBRARIES = YES;
				BUNDLE_LOADER = "$(TEST_HOST)";
				CODE_SIGN_STYLE = Automatic;
				CURRENT_PROJECT_VERSION = 1;
				DEVELOPMENT_TEAM = MCC2B4P5MZ;
				GENERATE_INFOPLIST_FILE = YES;
				IPHONEOS_DEPLOYMENT_TARGET = 16.4;
				MARKETING_VERSION = 1.0;
				PRODUCT_BUNDLE_IDENTIFIER = Copland.RaidUppTests;
				PRODUCT_NAME = "$(TARGET_NAME)";
				SWIFT_EMIT_LOC_STRINGS = NO;
				SWIFT_VERSION = 5.0;
				TARGETED_DEVICE_FAMILY = "1,2";
				TEST_HOST = "$(BUILT_PRODUCTS_DIR)/RaidUpp.app/$(BUNDLE_EXECUTABLE_FOLDER_PATH)/RaidUpp";
			};
			name = Release;
		};
		D62388CA2A2F5C7700A20667 /* Debug */ = {
			isa = XCBuildConfiguration;
			buildSettings = {
				ALWAYS_EMBED_SWIFT_STANDARD_LIBRARIES = YES;
				CODE_SIGN_STYLE = Automatic;
				CURRENT_PROJECT_VERSION = 1;
				DEVELOPMENT_TEAM = MCC2B4P5MZ;
				GENERATE_INFOPLIST_FILE = YES;
				MARKETING_VERSION = 1.0;
				PRODUCT_BUNDLE_IDENTIFIER = Copland.RaidUppUITests;
				PRODUCT_NAME = "$(TARGET_NAME)";
				SWIFT_EMIT_LOC_STRINGS = NO;
				SWIFT_VERSION = 5.0;
				TARGETED_DEVICE_FAMILY = "1,2";
				TEST_TARGET_NAME = RaidUpp;
			};
			name = Debug;
		};
		D62388CB2A2F5C7700A20667 /* Release */ = {
			isa = XCBuildConfiguration;
			buildSettings = {
				ALWAYS_EMBED_SWIFT_STANDARD_LIBRARIES = YES;
				CODE_SIGN_STYLE = Automatic;
				CURRENT_PROJECT_VERSION = 1;
				DEVELOPMENT_TEAM = MCC2B4P5MZ;
				GENERATE_INFOPLIST_FILE = YES;
				MARKETING_VERSION = 1.0;
				PRODUCT_BUNDLE_IDENTIFIER = Copland.RaidUppUITests;
				PRODUCT_NAME = "$(TARGET_NAME)";
				SWIFT_EMIT_LOC_STRINGS = NO;
				SWIFT_VERSION = 5.0;
				TARGETED_DEVICE_FAMILY = "1,2";
				TEST_TARGET_NAME = RaidUpp;
			};
			name = Release;
		};
/* End XCBuildConfiguration section */

/* Begin XCConfigurationList section */
		35ED6C372A38B386005E5BDE /* Build configuration list for PBXNativeTarget "RaidUppTvOS" */ = {
			isa = XCConfigurationList;
			buildConfigurations = (
				35ED6C382A38B386005E5BDE /* Debug */,
				35ED6C392A38B386005E5BDE /* Release */,
			);
			defaultConfigurationIsVisible = 0;
			defaultConfigurationName = Release;
		};
		D62388942A2F5C7600A20667 /* Build configuration list for PBXProject "RaidUpp" */ = {
			isa = XCConfigurationList;
			buildConfigurations = (
				D62388C12A2F5C7700A20667 /* Debug */,
				D62388C22A2F5C7700A20667 /* Release */,
			);
			defaultConfigurationIsVisible = 0;
			defaultConfigurationName = Release;
		};
		D62388C32A2F5C7700A20667 /* Build configuration list for PBXNativeTarget "RaidUpp" */ = {
			isa = XCConfigurationList;
			buildConfigurations = (
				D62388C42A2F5C7700A20667 /* Debug */,
				D62388C52A2F5C7700A20667 /* Release */,
			);
			defaultConfigurationIsVisible = 0;
			defaultConfigurationName = Release;
		};
		D62388C62A2F5C7700A20667 /* Build configuration list for PBXNativeTarget "RaidUppTests" */ = {
			isa = XCConfigurationList;
			buildConfigurations = (
				D62388C72A2F5C7700A20667 /* Debug */,
				D62388C82A2F5C7700A20667 /* Release */,
			);
			defaultConfigurationIsVisible = 0;
			defaultConfigurationName = Release;
		};
		D62388C92A2F5C7700A20667 /* Build configuration list for PBXNativeTarget "RaidUppUITests" */ = {
			isa = XCConfigurationList;
			buildConfigurations = (
				D62388CA2A2F5C7700A20667 /* Debug */,
				D62388CB2A2F5C7700A20667 /* Release */,
			);
			defaultConfigurationIsVisible = 0;
			defaultConfigurationName = Release;
		};
/* End XCConfigurationList section */

/* Begin XCVersionGroup section */
		D62388A72A2F5C7700A20667 /* RaidUpp.xcdatamodeld */ = {
			isa = XCVersionGroup;
			children = (
				D62388A82A2F5C7700A20667 /* RaidUpp.xcdatamodel */,
			);
			currentVersion = D62388A82A2F5C7700A20667 /* RaidUpp.xcdatamodel */;
			path = RaidUpp.xcdatamodeld;
			sourceTree = "<group>";
			versionGroupType = wrapper.xcdatamodel;
		};
/* End XCVersionGroup section */
	};
	rootObject = D62388912A2F5C7600A20667 /* Project object */;
}
